
Microsoft Visual Studio Solution File, Format Version 12.00
# Visual Studio Version 17
VisualStudioVersion = 17.9.34622.214
MinimumVisualStudioVersion = 10.0.40219.1
Project("{FAE04EC0-301F-11D3-BF4B-00C04F79EFBC}") = "TreesZaimov", "TreesZaimov\TreesZaimov.csproj", "{3EB06D21-2FB5-476D-BA55-C69B75AADF40}"
EndProject
Project("{FAE04EC0-301F-11D3-BF4B-00C04F79EFBC}") = "Conecting Tables", "Conecting Tables\Conecting Tables.csproj", "{28E39C36-AE41-4A4C-B592-3F0D7C2E4610}"
EndProject
Global
	GlobalSection(SolutionConfigurationPlatforms) = preSolution
		Debug|Any CPU = Debug|Any CPU
		Release|Any CPU = Release|Any CPU
	EndGlobalSection
	GlobalSection(ProjectConfigurationPlatforms) = postSolution
		{3EB06D21-2FB5-476D-BA55-C69B75AADF40}.Debug|Any CPU.ActiveCfg = Debug|Any CPU
		{3EB06D21-2FB5-476D-BA55-C69B75AADF40}.Debug|Any CPU.Build.0 = Debug|Any CPU
		{3EB06D21-2FB5-476D-BA55-C69B75AADF40}.Release|Any CPU.ActiveCfg = Release|Any CPU
		{3EB06D21-2FB5-476D-BA55-C69B75AADF40}.Release|Any CPU.Build.0 = Release|Any CPU
		{28E39C36-AE41-4A4C-B592-3F0D7C2E4610}.Debug|Any CPU.ActiveCfg = Debug|Any CPU
		{28E39C36-AE41-4A4C-B592-3F0D7C2E4610}.Debug|Any CPU.Build.0 = Debug|Any CPU
		{28E39C36-AE41-4A4C-B592-3F0D7C2E4610}.Release|Any CPU.ActiveCfg = Release|Any CPU
		{28E39C36-AE41-4A4C-B592-3F0D7C2E4610}.Release|Any CPU.Build.0 = Release|Any CPU
	EndGlobalSection
	GlobalSection(SolutionProperties) = preSolution
		HideSolutionNode = FALSE
	EndGlobalSection
	GlobalSection(ExtensibilityGlobals) = postSolution
		SolutionGuid = {20DFD261-FD22-4B38-9949-C7C3FF0286EF}
	EndGlobalSection
EndGlobal
